
Microsoft Visual Studio Solution File, Format Version 12.00
# Visual Studio Version 16
VisualStudioVersion = 16.0.30225.117
MinimumVisualStudioVersion = 10.0.40219.1
Project("{888888A0-9F3D-457C-B088-3A5042F75D52}") = "VacationSite", "VacationSite.pyproj", "{703DB38C-6113-4741-A130-B346F8148A19}"
EndProject
Global
	GlobalSection(SolutionConfigurationPlatforms) = preSolution
		Debug|Any CPU = Debug|Any CPU
		Release|Any CPU = Release|Any CPU
	EndGlobalSection
	GlobalSection(ProjectConfigurationPlatforms) = postSolution
		{703DB38C-6113-4741-A130-B346F8148A19}.Debug|Any CPU.ActiveCfg = Debug|Any CPU
		{703DB38C-6113-4741-A130-B346F8148A19}.Debug|Any CPU.Build.0 = Debug|Any CPU
		{703DB38C-6113-4741-A130-B346F8148A19}.Release|Any CPU.ActiveCfg = Release|Any CPU
		{703DB38C-6113-4741-A130-B346F8148A19}.Release|Any CPU.Build.0 = Release|Any CPU
	EndGlobalSection
	GlobalSection(SolutionProperties) = preSolution
		HideSolutionNode = FALSE
	EndGlobalSection
	GlobalSection(ExtensibilityGlobals) = postSolution
		SolutionGuid = {B9CA12CB-F96C-489D-9F3E-5E3B9AB5409E}
	EndGlobalSection
EndGlobal
